// !$*UTF8*$!
{
	archiveVersion = 1;
	classes = {
	};
	objectVersion = 48;
	objects = {

/* Begin PBXBuildFile section */
		953AD2B11FB4F42400E3ED11 /* WeatherTableViewController.swift in Sources */ = {isa = PBXBuildFile; fileRef = 953AD2B01FB4F42400E3ED11 /* WeatherTableViewController.swift */; };
		953AD2B31FB4F56500E3ED11 /* Weather.swift in Sources */ = {isa = PBXBuildFile; fileRef = 953AD2B21FB4F56500E3ED11 /* Weather.swift */; };
		957D3F771FB6143200DC35CD /* Model.xcdatamodeld in Sources */ = {isa = PBXBuildFile; fileRef = 957D3F751FB6143200DC35CD /* Model.xcdatamodeld */; };
		959518471FACEA5E00EA64B7 /* AppDelegate.swift in Sources */ = {isa = PBXBuildFile; fileRef = 959518461FACEA5E00EA64B7 /* AppDelegate.swift */; };
		9595184C1FACEA5E00EA64B7 /* Main.storyboard in Resources */ = {isa = PBXBuildFile; fileRef = 9595184A1FACEA5E00EA64B7 /* Main.storyboard */; };
		9595184F1FACEA5E00EA64B7 /* weather.xcdatamodeld in Sources */ = {isa = PBXBuildFile; fileRef = 9595184D1FACEA5E00EA64B7 /* weather.xcdatamodeld */; };
		959518511FACEA5E00EA64B7 /* Assets.xcassets in Resources */ = {isa = PBXBuildFile; fileRef = 959518501FACEA5E00EA64B7 /* Assets.xcassets */; };
		959518541FACEA5E00EA64B7 /* LaunchScreen.storyboard in Resources */ = {isa = PBXBuildFile; fileRef = 959518521FACEA5E00EA64B7 /* LaunchScreen.storyboard */; };
/* End PBXBuildFile section */

/* Begin PBXFileReference section */
		953AD2B01FB4F42400E3ED11 /* WeatherTableViewController.swift */ = {isa = PBXFileReference; lastKnownFileType = sourcecode.swift; path = WeatherTableViewController.swift; sourceTree = "<group>"; };
		953AD2B21FB4F56500E3ED11 /* Weather.swift */ = {isa = PBXFileReference; lastKnownFileType = sourcecode.swift; path = Weather.swift; sourceTree = "<group>"; };
		957D3F761FB6143200DC35CD /* Model.xcdatamodel */ = {isa = PBXFileReference; lastKnownFileType = wrapper.xcdatamodel; path = Model.xcdatamodel; sourceTree = "<group>"; };
		959518431FACEA5E00EA64B7 /* weather.app */ = {isa = PBXFileReference; explicitFileType = wrapper.application; includeInIndex = 0; path = weather.app; sourceTree = BUILT_PRODUCTS_DIR; };
		959518461FACEA5E00EA64B7 /* AppDelegate.swift */ = {isa = PBXFileReference; lastKnownFileType = sourcecode.swift; path = AppDelegate.swift; sourceTree = "<group>"; };
		9595184B1FACEA5E00EA64B7 /* Base */ = {isa = PBXFileReference; lastKnownFileType = file.storyboard; name = Base; path = Base.lproj/Main.storyboard; sourceTree = "<group>"; };
		9595184E1FACEA5E00EA64B7 /* weather.xcdatamodel */ = {isa = PBXFileReference; lastKnownFileType = wrapper.xcdatamodel; path = weather.xcdatamodel; sourceTree = "<group>"; };
		959518501FACEA5E00EA64B7 /* Assets.xcassets */ = {isa = PBXFileReference; lastKnownFileType = folder.assetcatalog; path = Assets.xcassets; sourceTree = "<group>"; };
		959518531FACEA5E00EA64B7 /* Base */ = {isa = PBXFileReference; lastKnownFileType = file.storyboard; name = Base; path = Base.lproj/LaunchScreen.storyboard; sourceTree = "<group>"; };
		959518551FACEA5E00EA64B7 /* Info.plist */ = {isa = PBXFileReference; lastKnownFileType = text.plist.xml; path = Info.plist; sourceTree = "<group>"; };
/* End PBXFileReference section */

/* Begin PBXFrameworksBuildPhase section */
		959518401FACEA5E00EA64B7 /* Frameworks */ = {
			isa = PBXFrameworksBuildPhase;
			buildActionMask = 2147483647;
			files = (
			);
			runOnlyForDeploymentPostprocessing = 0;
		};
/* End PBXFrameworksBuildPhase section */

/* Begin PBXGroup section */
		9595183A1FACEA5E00EA64B7 = {
			isa = PBXGroup;
			children = (
				959518451FACEA5E00EA64B7 /* weather */,
				959518441FACEA5E00EA64B7 /* Products */,
			);
			sourceTree = "<group>";
		};
		959518441FACEA5E00EA64B7 /* Products */ = {
			isa = PBXGroup;
			children = (
				959518431FACEA5E00EA64B7 /* weather.app */,
			);
			name = Products;
			sourceTree = "<group>";
		};
		959518451FACEA5E00EA64B7 /* weather */ = {
			isa = PBXGroup;
			children = (
				959518461FACEA5E00EA64B7 /* AppDelegate.swift */,
				953AD2B01FB4F42400E3ED11 /* WeatherTableViewController.swift */,
				9595184A1FACEA5E00EA64B7 /* Main.storyboard */,
				953AD2B21FB4F56500E3ED11 /* Weather.swift */,
				957D3F751FB6143200DC35CD /* Model.xcdatamodeld */,
				959518501FACEA5E00EA64B7 /* Assets.xcassets */,
				959518521FACEA5E00EA64B7 /* LaunchScreen.storyboard */,
				959518551FACEA5E00EA64B7 /* Info.plist */,
				9595184D1FACEA5E00EA64B7 /* weather.xcdatamodeld */,
			);
			path = weather;
			sourceTree = "<group>";
		};
/* End PBXGroup section */

/* Begin PBXNativeTarget section */
		959518421FACEA5E00EA64B7 /* weather */ = {
			isa = PBXNativeTarget;
			buildConfigurationList = 959518581FACEA5E00EA64B7 /* Build configuration list for PBXNativeTarget "weather" */;
			buildPhases = (
				9595183F1FACEA5E00EA64B7 /* Sources */,
				959518401FACEA5E00EA64B7 /* Frameworks */,
				959518411FACEA5E00EA64B7 /* Resources */,
			);
			buildRules = (
			);
			dependencies = (
			);
			name = weather;
			productName = weather;
			productReference = 959518431FACEA5E00EA64B7 /* weather.app */;
			productType = "com.apple.product-type.application";
		};
/* End PBXNativeTarget section */

/* Begin PBXProject section */
		9595183B1FACEA5E00EA64B7 /* Project object */ = {
			isa = PBXProject;
			attributes = {
				LastSwiftUpdateCheck = 0910;
				LastUpgradeCheck = 0910;
				ORGANIZATIONNAME = andriy;
				TargetAttributes = {
					959518421FACEA5E00EA64B7 = {
						CreatedOnToolsVersion = 9.1;
						ProvisioningStyle = Automatic;
					};
				};
			};
			buildConfigurationList = 9595183E1FACEA5E00EA64B7 /* Build configuration list for PBXProject "weather" */;
			compatibilityVersion = "Xcode 8.0";
			developmentRegion = en;
			hasScannedForEncodings = 0;
			knownRegions = (
				en,
				Base,
			);
			mainGroup = 9595183A1FACEA5E00EA64B7;
			productRefGroup = 959518441FACEA5E00EA64B7 /* Products */;
			projectDirPath = "";
			projectRoot = "";
			targets = (
				959518421FACEA5E00EA64B7 /* weather */,
			);
		};
/* End PBXProject section */

/* Begin PBXResourcesBuildPhase section */
		959518411FACEA5E00EA64B7 /* Resources */ = {
			isa = PBXResourcesBuildPhase;
			buildActionMask = 2147483647;
			files = (
				959518541FACEA5E00EA64B7 /* LaunchScreen.storyboard in Resources */,
				959518511FACEA5E00EA64B7 /* Assets.xcassets in Resources */,
				9595184C1FACEA5E00EA64B7 /* Main.storyboard in Resources */,
			);
			runOnlyForDeploymentPostprocessing = 0;
		};
/* End PBXResourcesBuildPhase section */

/* Begin PBXSourcesBuildPhase section */
		9595183F1FACEA5E00EA64B7 /* Sources */ = {
			isa = PBXSourcesBuildPhase;
			buildActionMask = 2147483647;
			files = (
				953AD2B31FB4F56500E3ED11 /* Weather.swift in Sources */,
				953AD2B11FB4F42400E3ED11 /* WeatherTableViewController.swift in Sources */,
				957D3F771FB6143200DC35CD /* Model.xcdatamodeld in Sources */,
				9595184F1FACEA5E00EA64B7 /* weather.xcdatamodeld in Sources */,
				959518471FACEA5E00EA64B7 /* AppDelegate.swift in Sources */,
			);
			runOnlyForDeploymentPostprocessing = 0;
		};
/* End PBXSourcesBuildPhase section */

/* Begin PBXVariantGroup section */
		9595184A1FACEA5E00EA64B7 /* Main.storyboard */ = {
			isa = PBXVariantGroup;
			children = (
				9595184B1FACEA5E00EA64B7 /* Base */,
			);
			name = Main.storyboard;
			sourceTree = "<group>";
		};
		959518521FACEA5E00EA64B7 /* LaunchScreen.storyboard */ = {
			isa = PBXVariantGroup;
			children = (
				959518531FACEA5E00EA64B7 /* Base */,
			);
			name = LaunchScreen.storyboard;
			sourceTree = "<group>";
		};
/* End PBXVariantGroup section */

/* Begin XCBuildConfiguration section */
		959518561FACEA5E00EA64B7 /* Debug */ = {
			isa = XCBuildConfiguration;
			buildSettings = {
				ALWAYS_SEARCH_USER_PATHS = NO;
				CLANG_ANALYZER_NONNULL = YES;
				CLANG_ANALYZER_NUMBER_OBJECT_CONVERSION = YES_AGGRESSIVE;
				CLANG_CXX_LANGUAGE_STANDARD = "gnu++14";
				CLANG_CXX_LIBRARY = "libc++";
				CLANG_ENABLE_MODULES = YES;
				CLANG_ENABLE_OBJC_ARC = YES;
				CLANG_WARN_BLOCK_CAPTURE_AUTORELEASING = YES;
				CLANG_WARN_BOOL_CONVERSION = YES;
				CLANG_WARN_COMMA = YES;
				CLANG_WARN_CONSTANT_CONVERSION = YES;
				CLANG_WARN_DIRECT_OBJC_ISA_USAGE = YES_ERROR;
				CLANG_WARN_DOCUMENTATION_COMMENTS = YES;
				CLANG_WARN_EMPTY_BODY = YES;
				CLANG_WARN_ENUM_CONVERSION = YES;
				CLANG_WARN_INFINITE_RECURSION = YES;
				CLANG_WARN_INT_CONVERSION = YES;
				CLANG_WARN_NON_LITERAL_NULL_CONVERSION = YES;
				CLANG_WARN_OBJC_LITERAL_CONVERSION = YES;
				CLANG_WARN_OBJC_ROOT_CLASS = YES_ERROR;
				CLANG_WARN_RANGE_LOOP_ANALYSIS = YES;
				CLANG_WARN_STRICT_PROTOTYPES = YES;
				CLANG_WARN_SUSPICIOUS_MOVE = YES;
				CLANG_WARN_UNGUARDED_AVAILABILITY = YES_AGGRESSIVE;
				CLANG_WARN_UNREACHABLE_CODE = YES;
				CLANG_WARN__DUPLICATE_METHOD_MATCH = YES;
				CODE_SIGN_IDENTITY = "iPhone Developer";
				COPY_PHASE_STRIP = NO;
				DEBUG_INFORMATION_FORMAT = dwarf;
				ENABLE_STRICT_OBJC_MSGSEND = YES;
				ENABLE_TESTABILITY = YES;
				GCC_C_LANGUAGE_STANDARD = gnu11;
				GCC_DYNAMIC_NO_PIC = NO;
				GCC_NO_COMMON_BLOCKS = YES;
				GCC_OPTIMIZATION_LEVEL = 0;
				GCC_PREPROCESSOR_DEFINITIONS = (
					"DEBUG=1",
					"$(inherited)",
				);
				GCC_WARN_64_TO_32_BIT_CONVERSION = YES;
				GCC_WARN_ABOUT_RETURN_TYPE = YES_ERROR;
				GCC_WARN_UNDECLARED_SELECTOR = YES;
				GCC_WARN_UNINITIALIZED_AUTOS = YES_AGGRESSIVE;
				GCC_WARN_UNUSED_FUNCTION = YES;
				GCC_WARN_UNUSED_VARIABLE = YES;
				IPHONEOS_DEPLOYMENT_TARGET = 11.1;
				MTL_ENABLE_DEBUG_INFO = YES;
				ONLY_ACTIVE_ARCH = YES;
				SDKROOT = iphoneos;
				SWIFT_ACTIVE_COMPILATION_CONDITIONS = DEBUG;
				SWIFT_OPTIMIZATION_LEVEL = "-Onone";
			};
			name = Debug;
		};
		959518571FACEA5E00EA64B7 /* Release */ = {
			isa = XCBuildConfiguration;
			buildSettings = {
				ALWAYS_SEARCH_USER_PATHS = NO;
				CLANG_ANALYZER_NONNULL = YES;
				CLANG_ANALYZER_NUMBER_OBJECT_CONVERSION = YES_AGGRESSIVE;
				CLANG_CXX_LANGUAGE_STANDARD = "gnu++14";
				CLANG_CXX_LIBRARY = "libc++";
				CLANG_ENABLE_MODULES = YES;
				CLANG_ENABLE_OBJC_ARC = YES;
				CLANG_WARN_BLOCK_CAPTURE_AUTORELEASING = YES;
				CLANG_WARN_BOOL_CONVERSION = YES;
				CLANG_WARN_COMMA = YES;
				CLANG_WARN_CONSTANT_CONVERSION = YES;
				CLANG_WARN_DIRECT_OBJC_ISA_USAGE = YES_ERROR;
				CLANG_WARN_DOCUMENTATION_COMMENTS = YES;
				CLANG_WARN_EMPTY_BODY = YES;
				CLANG_WARN_ENUM_CONVERSION = YES;
				CLANG_WARN_INFINITE_RECURSION = YES;
				CLANG_WARN_INT_CONVERSION = YES;
				CLANG_WARN_NON_LITERAL_NULL_CONVERSION = YES;
				CLANG_WARN_OBJC_LITERAL_CONVERSION = YES;
				CLANG_WARN_OBJC_ROOT_CLASS = YES_ERROR;
				CLANG_WARN_RANGE_LOOP_ANALYSIS = YES;
				CLANG_WARN_STRICT_PROTOTYPES = YES;
				CLANG_WARN_SUSPICIOUS_MOVE = YES;
				CLANG_WARN_UNGUARDED_AVAILABILITY = YES_AGGRESSIVE;
				CLANG_WARN_UNREACHABLE_CODE = YES;
				CLANG_WARN__DUPLICATE_METHOD_MATCH = YES;
				CODE_SIGN_IDENTITY = "iPhone Developer";
				COPY_PHASE_STRIP = NO;
				DEBUG_INFORMATION_FORMAT = "dwarf-with-dsym";
				ENABLE_NS_ASSERTIONS = NO;
				ENABLE_STRICT_OBJC_MSGSEND = YES;
				GCC_C_LANGUAGE_STANDARD = gnu11;
				GCC_NO_COMMON_BLOCKS = YES;
				GCC_WARN_64_TO_32_BIT_CONVERSION = YES;
				GCC_WARN_ABOUT_RETURN_TYPE = YES_ERROR;
				GCC_WARN_UNDECLARED_SELECTOR = YES;
				GCC_WARN_UNINITIALIZED_AUTOS = YES_AGGRESSIVE;
				GCC_WARN_UNUSED_FUNCTION = YES;
				GCC_WARN_UNUSED_VARIABLE = YES;
				IPHONEOS_DEPLOYMENT_TARGET = 11.1;
				MTL_ENABLE_DEBUG_INFO = NO;
				SDKROOT = iphoneos;
				SWIFT_OPTIMIZATION_LEVEL = "-Owholemodule";
				VALIDATE_PRODUCT = YES;
			};
			name = Release;
		};
		959518591FACEA5E00EA64B7 /* Debug */ = {
			isa = XCBuildConfiguration;
			buildSettings = {
				ASSETCATALOG_COMPILER_APPICON_NAME = AppIcon;
				CODE_SIGN_STYLE = Automatic;
				INFOPLIST_FILE = weather/Info.plist;
				LD_RUNPATH_SEARCH_PATHS = "$(inherited) @executable_path/Frameworks";
				PRODUCT_BUNDLE_IDENTIFIER = md.weather;
				PRODUCT_NAME = "$(TARGET_NAME)";
				SWIFT_VERSION = 4.0;
				TARGETED_DEVICE_FAMILY = "1,2";
			};
			name = Debug;
		};
		9595185A1FACEA5E00EA64B7 /* Release */ = {
			isa = XCBuildConfiguration;
			buildSettings = {
				ASSETCATALOG_COMPILER_APPICON_NAME = AppIcon;
				CODE_SIGN_STYLE = Automatic;
				INFOPLIST_FILE = weather/Info.plist;
				LD_RUNPATH_SEARCH_PATHS = "$(inherited) @executable_path/Frameworks";
				PRODUCT_BUNDLE_IDENTIFIER = md.weather;
				PRODUCT_NAME = "$(TARGET_NAME)";
				SWIFT_VERSION = 4.0;
				TARGETED_DEVICE_FAMILY = "1,2";
			};
			name = Release;
		};
/* End XCBuildConfiguration section */

/* Begin XCConfigurationList section */
		9595183E1FACEA5E00EA64B7 /* Build configuration list for PBXProject "weather" */ = {
			isa = XCConfigurationList;
			buildConfigurations = (
				959518561FACEA5E00EA64B7 /* Debug */,
				959518571FACEA5E00EA64B7 /* Release */,
			);
			defaultConfigurationIsVisible = 0;
			defaultConfigurationName = Release;
		};
		959518581FACEA5E00EA64B7 /* Build configuration list for PBXNativeTarget "weather" */ = {
			isa = XCConfigurationList;
			buildConfigurations = (
				959518591FACEA5E00EA64B7 /* Debug */,
				9595185A1FACEA5E00EA64B7 /* Release */,
			);
			defaultConfigurationIsVisible = 0;
			defaultConfigurationName = Release;
		};
/* End XCConfigurationList section */

/* Begin XCVersionGroup section */
		957D3F751FB6143200DC35CD /* Model.xcdatamodeld */ = {
			isa = XCVersionGroup;
			children = (
				957D3F761FB6143200DC35CD /* Model.xcdatamodel */,
			);
			currentVersion = 957D3F761FB6143200DC35CD /* Model.xcdatamodel */;
			path = Model.xcdatamodeld;
			sourceTree = "<group>";
			versionGroupType = wrapper.xcdatamodel;
		};
		9595184D1FACEA5E00EA64B7 /* weather.xcdatamodeld */ = {
			isa = XCVersionGroup;
			children = (
				9595184E1FACEA5E00EA64B7 /* weather.xcdatamodel */,
			);
			currentVersion = 9595184E1FACEA5E00EA64B7 /* weather.xcdatamodel */;
			path = weather.xcdatamodeld;
			sourceTree = "<group>";
			versionGroupType = wrapper.xcdatamodel;
		};
/* End XCVersionGroup section */
	};
	rootObject = 9595183B1FACEA5E00EA64B7 /* Project object */;
}
